
Microsoft Visual Studio Solution File, Format Version 12.00
# Visual Studio Version 16
VisualStudioVersion = 16.0.30804.86
MinimumVisualStudioVersion = 10.0.40219.1
Project("{FAE04EC0-301F-11D3-BF4B-00C04F79EFBC}") = "SumCalculator_LiskovSubstitution", "SumCalculator_LiskovSubstitution.csproj", "{89E6ACBC-DFC5-4C23-A5C2-DA36040EF901}"
EndProject
Global
	GlobalSection(SolutionConfigurationPlatforms) = preSolution
		Debug|Any CPU = Debug|Any CPU
		Release|Any CPU = Release|Any CPU
	EndGlobalSection
	GlobalSection(ProjectConfigurationPlatforms) = postSolution
		{89E6ACBC-DFC5-4C23-A5C2-DA36040EF901}.Debug|Any CPU.ActiveCfg = Debug|Any CPU
		{89E6ACBC-DFC5-4C23-A5C2-DA36040EF901}.Debug|Any CPU.Build.0 = Debug|Any CPU
		{89E6ACBC-DFC5-4C23-A5C2-DA36040EF901}.Release|Any CPU.ActiveCfg = Release|Any CPU
		{89E6ACBC-DFC5-4C23-A5C2-DA36040EF901}.Release|Any CPU.Build.0 = Release|Any CPU
	EndGlobalSection
	GlobalSection(SolutionProperties) = preSolution
		HideSolutionNode = FALSE
	EndGlobalSection
	GlobalSection(ExtensibilityGlobals) = postSolution
		SolutionGuid = {6447C67A-E4E6-46B8-A9E5-391973D59D0F}
	EndGlobalSection
EndGlobal
